<?xml version="1.0" encoding="utf-8"?>
<Project ToolsVersion="4.0" xmlns="http://schemas.microsoft.com/developer/msbuild/2003">
  <ItemGroup>
    <Filter Include="Quelldateien">
      <UniqueIdentifier>{09d7200d-080c-4fb1-a413-444ea280475e}</UniqueIdentifier>
    </Filter>
    <Filter Include="Generierte Dateien">
      <UniqueIdentifier>{02c9c98f-e4d0-4b63-b6db-58a9d18594df}</UniqueIdentifier>
      <SourceControlFiles>False</SourceControlFiles>
    </Filter>
  </ItemGroup>
  <ItemGroup>
    <None Include="DLL.ExplorerUtilitysps.def" />
  </ItemGroup>
  <ItemGroup>
    <ClCompile Include="DLLExplorerUtilitys_i.c">
      <Filter>Generierte Dateien</Filter>
    </ClCompile>
    <ClCompile Include="DLLExplorerUtilitys_p.c">
      <Filter>Generierte Dateien</Filter>
    </ClCompile>
    <ClCompile Include="dlldata.c">
      <Filter>Generierte Dateien</Filter>
    </ClCompile>
  </ItemGroup>
</Project>