
Microsoft Visual Studio Solution File, Format Version 12.00
# Visual Studio 2012
Project("{8BC9CEB8-8B4A-11D0-8D11-00A0C91BC942}") = "DLL.ExplorerUtilitys", "DLL.ExplorerUtilitys\DLL.ExplorerUtilitys.vcxproj", "{15B0362C-35C8-4C9C-8767-958992901142}"
EndProject
Project("{8BC9CEB8-8B4A-11D0-8D11-00A0C91BC942}") = "Lib.AlternateDataStreams", "Lib.AlternateDataStreams\Lib.AlternateDataStreams.vcxproj", "{8D2BC8E0-A943-488C-9BBB-E3FC5C0FB49E}"
EndProject
Project("{8BC9CEB8-8B4A-11D0-8D11-00A0C91BC942}") = "Test.Libs", "Test.Libs\Test.Libs.vcxproj", "{9757CB21-B840-49A6-B057-9F322E543DD6}"
EndProject
Project("{8BC9CEB8-8B4A-11D0-8D11-00A0C91BC942}") = "Test.Shell.Libs", "Test.Shell.Libs\Test.Shell.Libs.vcxproj", "{B73528A0-7BCA-4F86-8E57-DB9387029474}"
EndProject
Project("{930C7802-8A8C-48F9-8165-68863BCCD9DD}") = "Setup.ExplorerUtilitys", "Setup.ExplorerUtilitys\Setup.ExplorerUtilitys.wixproj", "{9B23565C-D5F9-4232-A51A-4B9B8DEB7DD0}"
EndProject
Project("{2150E333-8FDC-42A3-9474-1A3956D46DE8}") = "Libs", "Libs", "{56ED2381-2E7E-468B-ADEE-F076F0EA40CB}"
EndProject
Project("{2150E333-8FDC-42A3-9474-1A3956D46DE8}") = "Tests", "Tests", "{7779844E-A2C7-46B7-97B1-F7DAF206AD0C}"
EndProject
Global
	GlobalSection(SolutionConfigurationPlatforms) = preSolution
		Debug|Mixed Platforms = Debug|Mixed Platforms
		Debug|Win32 = Debug|Win32
		Debug|x64 = Debug|x64
		Debug|x86 = Debug|x86
		Release|Mixed Platforms = Release|Mixed Platforms
		Release|Win32 = Release|Win32
		Release|x64 = Release|x64
		Release|x86 = Release|x86
	EndGlobalSection
	GlobalSection(ProjectConfigurationPlatforms) = postSolution
		{15B0362C-35C8-4C9C-8767-958992901142}.Debug|Mixed Platforms.ActiveCfg = Debug|Win32
		{15B0362C-35C8-4C9C-8767-958992901142}.Debug|Mixed Platforms.Build.0 = Debug|Win32
		{15B0362C-35C8-4C9C-8767-958992901142}.Debug|Win32.ActiveCfg = Debug|Win32
		{15B0362C-35C8-4C9C-8767-958992901142}.Debug|Win32.Build.0 = Debug|Win32
		{15B0362C-35C8-4C9C-8767-958992901142}.Debug|x64.ActiveCfg = Debug|x64
		{15B0362C-35C8-4C9C-8767-958992901142}.Debug|x64.Build.0 = Debug|x64
		{15B0362C-35C8-4C9C-8767-958992901142}.Debug|x86.ActiveCfg = Debug|Win32
		{15B0362C-35C8-4C9C-8767-958992901142}.Debug|x86.Build.0 = Debug|Win32
		{15B0362C-35C8-4C9C-8767-958992901142}.Release|Mixed Platforms.ActiveCfg = Release|Win32
		{15B0362C-35C8-4C9C-8767-958992901142}.Release|Mixed Platforms.Build.0 = Release|Win32
		{15B0362C-35C8-4C9C-8767-958992901142}.Release|Win32.ActiveCfg = Release|Win32
		{15B0362C-35C8-4C9C-8767-958992901142}.Release|Win32.Build.0 = Release|Win32
		{15B0362C-35C8-4C9C-8767-958992901142}.Release|x64.ActiveCfg = Release|x64
		{15B0362C-35C8-4C9C-8767-958992901142}.Release|x64.Build.0 = Release|x64
		{15B0362C-35C8-4C9C-8767-958992901142}.Release|x86.ActiveCfg = Release|Win32
		{15B0362C-35C8-4C9C-8767-958992901142}.Release|x86.Build.0 = Release|Win32
		{8D2BC8E0-A943-488C-9BBB-E3FC5C0FB49E}.Debug|Mixed Platforms.ActiveCfg = Debug|Win32
		{8D2BC8E0-A943-488C-9BBB-E3FC5C0FB49E}.Debug|Mixed Platforms.Build.0 = Debug|Win32
		{8D2BC8E0-A943-488C-9BBB-E3FC5C0FB49E}.Debug|Win32.ActiveCfg = Debug|Win32
		{8D2BC8E0-A943-488C-9BBB-E3FC5C0FB49E}.Debug|Win32.Build.0 = Debug|Win32
		{8D2BC8E0-A943-488C-9BBB-E3FC5C0FB49E}.Debug|x64.ActiveCfg = Debug|Win32
		{8D2BC8E0-A943-488C-9BBB-E3FC5C0FB49E}.Debug|x86.ActiveCfg = Debug|Win32
		{8D2BC8E0-A943-488C-9BBB-E3FC5C0FB49E}.Debug|x86.Build.0 = Debug|Win32
		{8D2BC8E0-A943-488C-9BBB-E3FC5C0FB49E}.Release|Mixed Platforms.ActiveCfg = Release|Win32
		{8D2BC8E0-A943-488C-9BBB-E3FC5C0FB49E}.Release|Mixed Platforms.Build.0 = Release|Win32
		{8D2BC8E0-A943-488C-9BBB-E3FC5C0FB49E}.Release|Win32.ActiveCfg = Release|Win32
		{8D2BC8E0-A943-488C-9BBB-E3FC5C0FB49E}.Release|Win32.Build.0 = Release|Win32
		{8D2BC8E0-A943-488C-9BBB-E3FC5C0FB49E}.Release|x64.ActiveCfg = Release|Win32
		{8D2BC8E0-A943-488C-9BBB-E3FC5C0FB49E}.Release|x86.ActiveCfg = Release|Win32
		{8D2BC8E0-A943-488C-9BBB-E3FC5C0FB49E}.Release|x86.Build.0 = Release|Win32
		{9757CB21-B840-49A6-B057-9F322E543DD6}.Debug|Mixed Platforms.ActiveCfg = Debug|Win32
		{9757CB21-B840-49A6-B057-9F322E543DD6}.Debug|Mixed Platforms.Build.0 = Debug|Win32
		{9757CB21-B840-49A6-B057-9F322E543DD6}.Debug|Win32.ActiveCfg = Debug|Win32
		{9757CB21-B840-49A6-B057-9F322E543DD6}.Debug|Win32.Build.0 = Debug|Win32
		{9757CB21-B840-49A6-B057-9F322E543DD6}.Debug|x64.ActiveCfg = Debug|Win32
		{9757CB21-B840-49A6-B057-9F322E543DD6}.Debug|x86.ActiveCfg = Debug|Win32
		{9757CB21-B840-49A6-B057-9F322E543DD6}.Debug|x86.Build.0 = Debug|Win32
		{9757CB21-B840-49A6-B057-9F322E543DD6}.Release|Mixed Platforms.ActiveCfg = Release|Win32
		{9757CB21-B840-49A6-B057-9F322E543DD6}.Release|Mixed Platforms.Build.0 = Release|Win32
		{9757CB21-B840-49A6-B057-9F322E543DD6}.Release|Win32.ActiveCfg = Release|Win32
		{9757CB21-B840-49A6-B057-9F322E543DD6}.Release|Win32.Build.0 = Release|Win32
		{9757CB21-B840-49A6-B057-9F322E543DD6}.Release|x64.ActiveCfg = Release|Win32
		{9757CB21-B840-49A6-B057-9F322E543DD6}.Release|x86.ActiveCfg = Release|Win32
		{9757CB21-B840-49A6-B057-9F322E543DD6}.Release|x86.Build.0 = Release|Win32
		{B73528A0-7BCA-4F86-8E57-DB9387029474}.Debug|Mixed Platforms.ActiveCfg = Debug|Win32
		{B73528A0-7BCA-4F86-8E57-DB9387029474}.Debug|Mixed Platforms.Build.0 = Debug|Win32
		{B73528A0-7BCA-4F86-8E57-DB9387029474}.Debug|Win32.ActiveCfg = Debug|Win32
		{B73528A0-7BCA-4F86-8E57-DB9387029474}.Debug|Win32.Build.0 = Debug|Win32
		{B73528A0-7BCA-4F86-8E57-DB9387029474}.Debug|x64.ActiveCfg = Debug|Win32
		{B73528A0-7BCA-4F86-8E57-DB9387029474}.Debug|x86.ActiveCfg = Debug|Win32
		{B73528A0-7BCA-4F86-8E57-DB9387029474}.Debug|x86.Build.0 = Debug|Win32
		{B73528A0-7BCA-4F86-8E57-DB9387029474}.Release|Mixed Platforms.ActiveCfg = Release|Win32
		{B73528A0-7BCA-4F86-8E57-DB9387029474}.Release|Mixed Platforms.Build.0 = Release|Win32
		{B73528A0-7BCA-4F86-8E57-DB9387029474}.Release|Win32.ActiveCfg = Release|Win32
		{B73528A0-7BCA-4F86-8E57-DB9387029474}.Release|Win32.Build.0 = Release|Win32
		{B73528A0-7BCA-4F86-8E57-DB9387029474}.Release|x64.ActiveCfg = Release|Win32
		{B73528A0-7BCA-4F86-8E57-DB9387029474}.Release|x86.ActiveCfg = Release|Win32
		{B73528A0-7BCA-4F86-8E57-DB9387029474}.Release|x86.Build.0 = Release|Win32
		{9B23565C-D5F9-4232-A51A-4B9B8DEB7DD0}.Debug|Mixed Platforms.ActiveCfg = Debug|x86
		{9B23565C-D5F9-4232-A51A-4B9B8DEB7DD0}.Debug|Mixed Platforms.Build.0 = Debug|x86
		{9B23565C-D5F9-4232-A51A-4B9B8DEB7DD0}.Debug|Win32.ActiveCfg = Debug|x86
		{9B23565C-D5F9-4232-A51A-4B9B8DEB7DD0}.Debug|Win32.Build.0 = Debug|x86
		{9B23565C-D5F9-4232-A51A-4B9B8DEB7DD0}.Debug|x64.ActiveCfg = Debug|x86
		{9B23565C-D5F9-4232-A51A-4B9B8DEB7DD0}.Debug|x86.ActiveCfg = Debug|x86
		{9B23565C-D5F9-4232-A51A-4B9B8DEB7DD0}.Debug|x86.Build.0 = Debug|x86
		{9B23565C-D5F9-4232-A51A-4B9B8DEB7DD0}.Release|Mixed Platforms.ActiveCfg = Release|x86
		{9B23565C-D5F9-4232-A51A-4B9B8DEB7DD0}.Release|Mixed Platforms.Build.0 = Release|x86
		{9B23565C-D5F9-4232-A51A-4B9B8DEB7DD0}.Release|Win32.ActiveCfg = Release|x86
		{9B23565C-D5F9-4232-A51A-4B9B8DEB7DD0}.Release|Win32.Build.0 = Release|x86
		{9B23565C-D5F9-4232-A51A-4B9B8DEB7DD0}.Release|x64.ActiveCfg = Release|x86
		{9B23565C-D5F9-4232-A51A-4B9B8DEB7DD0}.Release|x86.ActiveCfg = Release|x86
		{9B23565C-D5F9-4232-A51A-4B9B8DEB7DD0}.Release|x86.Build.0 = Release|x86
	EndGlobalSection
	GlobalSection(SolutionProperties) = preSolution
		HideSolutionNode = FALSE
	EndGlobalSection
	GlobalSection(NestedProjects) = preSolution
		{8D2BC8E0-A943-488C-9BBB-E3FC5C0FB49E} = {56ED2381-2E7E-468B-ADEE-F076F0EA40CB}
		{9757CB21-B840-49A6-B057-9F322E543DD6} = {7779844E-A2C7-46B7-97B1-F7DAF206AD0C}
		{B73528A0-7BCA-4F86-8E57-DB9387029474} = {7779844E-A2C7-46B7-97B1-F7DAF206AD0C}
	EndGlobalSection
EndGlobal
